
Microsoft Visual Studio Solution File, Format Version 12.00
# Visual Studio Version 17
VisualStudioVersion = 17.2.32526.322
MinimumVisualStudioVersion = 10.0.40219.1
Project("{FAE04EC0-301F-11D3-BF4B-00C04F79EFBC}") = "EFCoreCodeFirstSample", "EFCoreCodeFirstSample\EFCoreCodeFirstSample.csproj", "{66A4BD51-884E-44B8-A89A-AF4EC86183F2}"
EndProject
Global
	GlobalSection(SolutionConfigurationPlatforms) = preSolution
		Debug|Any CPU = Debug|Any CPU
		Release|Any CPU = Release|Any CPU
	EndGlobalSection
	GlobalSection(ProjectConfigurationPlatforms) = postSolution
		{66A4BD51-884E-44B8-A89A-AF4EC86183F2}.Debug|Any CPU.ActiveCfg = Debug|Any CPU
		{66A4BD51-884E-44B8-A89A-AF4EC86183F2}.Debug|Any CPU.Build.0 = Debug|Any CPU
		{66A4BD51-884E-44B8-A89A-AF4EC86183F2}.Release|Any CPU.ActiveCfg = Release|Any CPU
		{66A4BD51-884E-44B8-A89A-AF4EC86183F2}.Release|Any CPU.Build.0 = Release|Any CPU
	EndGlobalSection
	GlobalSection(SolutionProperties) = preSolution
		HideSolutionNode = FALSE
	EndGlobalSection
	GlobalSection(ExtensibilityGlobals) = postSolution
		SolutionGuid = {A643C380-F9FA-4C71-A2F3-A4E9135E1A8E}
	EndGlobalSection
EndGlobal
